
Microsoft Visual Studio Solution File, Format Version 12.00
# Visual Studio Version 17
VisualStudioVersion = 17.0.31606.5
MinimumVisualStudioVersion = 10.0.40219.1
Project("{FAE04EC0-301F-11D3-BF4B-00C04F79EFBC}") = "FKR32_assistant", "FKR32_assistant\FKR32_assistant.csproj", "{AE97BCA6-105D-433B-B7BE-6D3734F8A36A}"
EndProject
Global
	GlobalSection(SolutionConfigurationPlatforms) = preSolution
		Debug|Any CPU = Debug|Any CPU
		Release|Any CPU = Release|Any CPU
	EndGlobalSection
	GlobalSection(ProjectConfigurationPlatforms) = postSolution
		{AE97BCA6-105D-433B-B7BE-6D3734F8A36A}.Debug|Any CPU.ActiveCfg = Debug|Any CPU
		{AE97BCA6-105D-433B-B7BE-6D3734F8A36A}.Debug|Any CPU.Build.0 = Debug|Any CPU
		{AE97BCA6-105D-433B-B7BE-6D3734F8A36A}.Release|Any CPU.ActiveCfg = Release|Any CPU
		{AE97BCA6-105D-433B-B7BE-6D3734F8A36A}.Release|Any CPU.Build.0 = Release|Any CPU
	EndGlobalSection
	GlobalSection(SolutionProperties) = preSolution
		HideSolutionNode = FALSE
	EndGlobalSection
	GlobalSection(ExtensibilityGlobals) = postSolution
		SolutionGuid = {FA2522BB-839D-4DE1-8273-0BD8177DF843}
	EndGlobalSection
EndGlobal
